// !$*UTF8*$!
{
	archiveVersion = 1;
	classes = {
	};
	objectVersion = 56;
	objects = {

/* Begin PBXBuildFile section */
		8DF22D612B00083E0048DFBA /* AppDelegate.swift in Sources */ = {isa = PBXBuildFile; fileRef = 8DF22D602B00083E0048DFBA /* AppDelegate.swift */; };
		8DF22D632B00083E0048DFBA /* SceneDelegate.swift in Sources */ = {isa = PBXBuildFile; fileRef = 8DF22D622B00083E0048DFBA /* SceneDelegate.swift */; };
		8DF22D652B00083E0048DFBA /* ItemViewController.swift in Sources */ = {isa = PBXBuildFile; fileRef = 8DF22D642B00083E0048DFBA /* ItemViewController.swift */; };
		8DF22D6A2B0008400048DFBA /* Assets.xcassets in Resources */ = {isa = PBXBuildFile; fileRef = 8DF22D692B0008400048DFBA /* Assets.xcassets */; };
		8DF22D6D2B0008400048DFBA /* LaunchScreen.storyboard in Resources */ = {isa = PBXBuildFile; fileRef = 8DF22D6B2B0008400048DFBA /* LaunchScreen.storyboard */; };
		8DF22D7B2B000BC10048DFBA /* ViewCode.swift in Sources */ = {isa = PBXBuildFile; fileRef = 8DF22D7A2B000BC10048DFBA /* ViewCode.swift */; };
		8DF22D7D2B000CE30048DFBA /* ItemView.swift in Sources */ = {isa = PBXBuildFile; fileRef = 8DF22D7C2B000CE30048DFBA /* ItemView.swift */; };
		8DF22D7F2B00104C0048DFBA /* ItemViewModel.swift in Sources */ = {isa = PBXBuildFile; fileRef = 8DF22D7E2B00104C0048DFBA /* ItemViewModel.swift */; };
		8DFD48C12B012CCE00B96F7F /* ItemTableViewCell.swift in Sources */ = {isa = PBXBuildFile; fileRef = 8DFD48C02B012CCE00B96F7F /* ItemTableViewCell.swift */; };
		8DFD48C32B0130CB00B96F7F /* HeaderView.swift in Sources */ = {isa = PBXBuildFile; fileRef = 8DFD48C22B0130CB00B96F7F /* HeaderView.swift */; };
		8DFD48C72B01680700B96F7F /* Nunito.ttf in Resources */ = {isa = PBXBuildFile; fileRef = 8DFD48C62B01680700B96F7F /* Nunito.ttf */; };
		8DFD48CA2B01693300B96F7F /* UIFont+Extensions.swift in Sources */ = {isa = PBXBuildFile; fileRef = 8DFD48C92B01693300B96F7F /* UIFont+Extensions.swift */; };
/* End PBXBuildFile section */

/* Begin PBXFileReference section */
		8DF22D5D2B00083E0048DFBA /* aiqfome.app */ = {isa = PBXFileReference; explicitFileType = wrapper.application; includeInIndex = 0; path = aiqfome.app; sourceTree = BUILT_PRODUCTS_DIR; };
		8DF22D602B00083E0048DFBA /* AppDelegate.swift */ = {isa = PBXFileReference; lastKnownFileType = sourcecode.swift; path = AppDelegate.swift; sourceTree = "<group>"; };
		8DF22D622B00083E0048DFBA /* SceneDelegate.swift */ = {isa = PBXFileReference; lastKnownFileType = sourcecode.swift; path = SceneDelegate.swift; sourceTree = "<group>"; };
		8DF22D642B00083E0048DFBA /* ItemViewController.swift */ = {isa = PBXFileReference; lastKnownFileType = sourcecode.swift; path = ItemViewController.swift; sourceTree = "<group>"; };
		8DF22D692B0008400048DFBA /* Assets.xcassets */ = {isa = PBXFileReference; lastKnownFileType = folder.assetcatalog; path = Assets.xcassets; sourceTree = "<group>"; };
		8DF22D6C2B0008400048DFBA /* Base */ = {isa = PBXFileReference; lastKnownFileType = file.storyboard; name = Base; path = Base.lproj/LaunchScreen.storyboard; sourceTree = "<group>"; };
		8DF22D6E2B0008400048DFBA /* Info.plist */ = {isa = PBXFileReference; lastKnownFileType = text.plist.xml; path = Info.plist; sourceTree = "<group>"; };
		8DF22D7A2B000BC10048DFBA /* ViewCode.swift */ = {isa = PBXFileReference; lastKnownFileType = sourcecode.swift; path = ViewCode.swift; sourceTree = "<group>"; };
		8DF22D7C2B000CE30048DFBA /* ItemView.swift */ = {isa = PBXFileReference; lastKnownFileType = sourcecode.swift; path = ItemView.swift; sourceTree = "<group>"; };
		8DF22D7E2B00104C0048DFBA /* ItemViewModel.swift */ = {isa = PBXFileReference; lastKnownFileType = sourcecode.swift; path = ItemViewModel.swift; sourceTree = "<group>"; };
		8DFD48C02B012CCE00B96F7F /* ItemTableViewCell.swift */ = {isa = PBXFileReference; lastKnownFileType = sourcecode.swift; path = ItemTableViewCell.swift; sourceTree = "<group>"; };
		8DFD48C22B0130CB00B96F7F /* HeaderView.swift */ = {isa = PBXFileReference; lastKnownFileType = sourcecode.swift; path = HeaderView.swift; sourceTree = "<group>"; };
		8DFD48C62B01680700B96F7F /* Nunito.ttf */ = {isa = PBXFileReference; lastKnownFileType = file; path = Nunito.ttf; sourceTree = "<group>"; };
		8DFD48C92B01693300B96F7F /* UIFont+Extensions.swift */ = {isa = PBXFileReference; lastKnownFileType = sourcecode.swift; path = "UIFont+Extensions.swift"; sourceTree = "<group>"; };
/* End PBXFileReference section */

/* Begin PBXFrameworksBuildPhase section */
		8DF22D5A2B00083E0048DFBA /* Frameworks */ = {
			isa = PBXFrameworksBuildPhase;
			buildActionMask = 2147483647;
			files = (
			);
			runOnlyForDeploymentPostprocessing = 0;
		};
/* End PBXFrameworksBuildPhase section */

/* Begin PBXGroup section */
		8DF22D542B00083E0048DFBA = {
			isa = PBXGroup;
			children = (
				8DF22D5F2B00083E0048DFBA /* aiqfome */,
				8DF22D5E2B00083E0048DFBA /* Products */,
			);
			sourceTree = "<group>";
		};
		8DF22D5E2B00083E0048DFBA /* Products */ = {
			isa = PBXGroup;
			children = (
				8DF22D5D2B00083E0048DFBA /* aiqfome.app */,
			);
			name = Products;
			sourceTree = "<group>";
		};
		8DF22D5F2B00083E0048DFBA /* aiqfome */ = {
			isa = PBXGroup;
			children = (
				8DF22D602B00083E0048DFBA /* AppDelegate.swift */,
				8DF22D622B00083E0048DFBA /* SceneDelegate.swift */,
				8DFD48C82B0168F800B96F7F /* Extensions */,
				8DFD48C42B01674B00B96F7F /* Resources */,
				8DF22D792B000BA70048DFBA /* Utils */,
				8DFD48BD2B012C3900B96F7F /* UI */,
				8DF22D6B2B0008400048DFBA /* LaunchScreen.storyboard */,
				8DF22D6E2B0008400048DFBA /* Info.plist */,
			);
			path = aiqfome;
			sourceTree = "<group>";
		};
		8DF22D742B000AE60048DFBA /* Item */ = {
			isa = PBXGroup;
			children = (
				8DFD48BE2B012C5400B96F7F /* Components */,
				8DFD48BF2B012CC300B96F7F /* Cell */,
				8DF22D7E2B00104C0048DFBA /* ItemViewModel.swift */,
				8DF22D642B00083E0048DFBA /* ItemViewController.swift */,
				8DF22D7C2B000CE30048DFBA /* ItemView.swift */,
			);
			path = Item;
			sourceTree = "<group>";
		};
		8DF22D792B000BA70048DFBA /* Utils */ = {
			isa = PBXGroup;
			children = (
				8DF22D7A2B000BC10048DFBA /* ViewCode.swift */,
			);
			path = Utils;
			sourceTree = "<group>";
		};
		8DFD48BD2B012C3900B96F7F /* UI */ = {
			isa = PBXGroup;
			children = (
				8DF22D742B000AE60048DFBA /* Item */,
			);
			path = UI;
			sourceTree = "<group>";
		};
		8DFD48BE2B012C5400B96F7F /* Components */ = {
			isa = PBXGroup;
			children = (
				8DFD48C22B0130CB00B96F7F /* HeaderView.swift */,
			);
			path = Components;
			sourceTree = "<group>";
		};
		8DFD48BF2B012CC300B96F7F /* Cell */ = {
			isa = PBXGroup;
			children = (
				8DFD48C02B012CCE00B96F7F /* ItemTableViewCell.swift */,
			);
			path = Cell;
			sourceTree = "<group>";
		};
		8DFD48C42B01674B00B96F7F /* Resources */ = {
			isa = PBXGroup;
			children = (
				8DFD48C62B01680700B96F7F /* Nunito.ttf */,
				8DF22D692B0008400048DFBA /* Assets.xcassets */,
			);
			path = Resources;
			sourceTree = "<group>";
		};
		8DFD48C82B0168F800B96F7F /* Extensions */ = {
			isa = PBXGroup;
			children = (
				8DFD48C92B01693300B96F7F /* UIFont+Extensions.swift */,
			);
			path = Extensions;
			sourceTree = "<group>";
		};
/* End PBXGroup section */

/* Begin PBXNativeTarget section */
		8DF22D5C2B00083E0048DFBA /* aiqfome */ = {
			isa = PBXNativeTarget;
			buildConfigurationList = 8DF22D712B0008400048DFBA /* Build configuration list for PBXNativeTarget "aiqfome" */;
			buildPhases = (
				8DF22D592B00083E0048DFBA /* Sources */,
				8DF22D5A2B00083E0048DFBA /* Frameworks */,
				8DF22D5B2B00083E0048DFBA /* Resources */,
			);
			buildRules = (
			);
			dependencies = (
			);
			name = aiqfome;
			productName = aiqfome;
			productReference = 8DF22D5D2B00083E0048DFBA /* aiqfome.app */;
			productType = "com.apple.product-type.application";
		};
/* End PBXNativeTarget section */

/* Begin PBXProject section */
		8DF22D552B00083E0048DFBA /* Project object */ = {
			isa = PBXProject;
			attributes = {
				BuildIndependentTargetsInParallel = 1;
				LastSwiftUpdateCheck = 1500;
				LastUpgradeCheck = 1500;
				TargetAttributes = {
					8DF22D5C2B00083E0048DFBA = {
						CreatedOnToolsVersion = 15.0.1;
					};
				};
			};
			buildConfigurationList = 8DF22D582B00083E0048DFBA /* Build configuration list for PBXProject "aiqfome" */;
			compatibilityVersion = "Xcode 14.0";
			developmentRegion = en;
			hasScannedForEncodings = 0;
			knownRegions = (
				en,
				Base,
			);
			mainGroup = 8DF22D542B00083E0048DFBA;
			productRefGroup = 8DF22D5E2B00083E0048DFBA /* Products */;
			projectDirPath = "";
			projectRoot = "";
			targets = (
				8DF22D5C2B00083E0048DFBA /* aiqfome */,
			);
		};
/* End PBXProject section */

/* Begin PBXResourcesBuildPhase section */
		8DF22D5B2B00083E0048DFBA /* Resources */ = {
			isa = PBXResourcesBuildPhase;
			buildActionMask = 2147483647;
			files = (
				8DF22D6D2B0008400048DFBA /* LaunchScreen.storyboard in Resources */,
				8DFD48C72B01680700B96F7F /* Nunito.ttf in Resources */,
				8DF22D6A2B0008400048DFBA /* Assets.xcassets in Resources */,
			);
			runOnlyForDeploymentPostprocessing = 0;
		};
/* End PBXResourcesBuildPhase section */

/* Begin PBXSourcesBuildPhase section */
		8DF22D592B00083E0048DFBA /* Sources */ = {
			isa = PBXSourcesBuildPhase;
			buildActionMask = 2147483647;
			files = (
				8DF22D652B00083E0048DFBA /* ItemViewController.swift in Sources */,
				8DF22D612B00083E0048DFBA /* AppDelegate.swift in Sources */,
				8DF22D632B00083E0048DFBA /* SceneDelegate.swift in Sources */,
				8DF22D7D2B000CE30048DFBA /* ItemView.swift in Sources */,
				8DF22D7B2B000BC10048DFBA /* ViewCode.swift in Sources */,
				8DFD48C12B012CCE00B96F7F /* ItemTableViewCell.swift in Sources */,
				8DF22D7F2B00104C0048DFBA /* ItemViewModel.swift in Sources */,
				8DFD48CA2B01693300B96F7F /* UIFont+Extensions.swift in Sources */,
				8DFD48C32B0130CB00B96F7F /* HeaderView.swift in Sources */,
			);
			runOnlyForDeploymentPostprocessing = 0;
		};
/* End PBXSourcesBuildPhase section */

/* Begin PBXVariantGroup section */
		8DF22D6B2B0008400048DFBA /* LaunchScreen.storyboard */ = {
			isa = PBXVariantGroup;
			children = (
				8DF22D6C2B0008400048DFBA /* Base */,
			);
			name = LaunchScreen.storyboard;
			sourceTree = "<group>";
		};
/* End PBXVariantGroup section */

/* Begin XCBuildConfiguration section */
		8DF22D6F2B0008400048DFBA /* Debug */ = {
			isa = XCBuildConfiguration;
			buildSettings = {
				ALWAYS_SEARCH_USER_PATHS = NO;
				ASSETCATALOG_COMPILER_GENERATE_SWIFT_ASSET_SYMBOL_EXTENSIONS = YES;
				CLANG_ANALYZER_NONNULL = YES;
				CLANG_ANALYZER_NUMBER_OBJECT_CONVERSION = YES_AGGRESSIVE;
				CLANG_CXX_LANGUAGE_STANDARD = "gnu++20";
				CLANG_ENABLE_MODULES = YES;
				CLANG_ENABLE_OBJC_ARC = YES;
				CLANG_ENABLE_OBJC_WEAK = YES;
				CLANG_WARN_BLOCK_CAPTURE_AUTORELEASING = YES;
				CLANG_WARN_BOOL_CONVERSION = YES;
				CLANG_WARN_COMMA = YES;
				CLANG_WARN_CONSTANT_CONVERSION = YES;
				CLANG_WARN_DEPRECATED_OBJC_IMPLEMENTATIONS = YES;
				CLANG_WARN_DIRECT_OBJC_ISA_USAGE = YES_ERROR;
				CLANG_WARN_DOCUMENTATION_COMMENTS = YES;
				CLANG_WARN_EMPTY_BODY = YES;
				CLANG_WARN_ENUM_CONVERSION = YES;
				CLANG_WARN_INFINITE_RECURSION = YES;
				CLANG_WARN_INT_CONVERSION = YES;
				CLANG_WARN_NON_LITERAL_NULL_CONVERSION = YES;
				CLANG_WARN_OBJC_IMPLICIT_RETAIN_SELF = YES;
				CLANG_WARN_OBJC_LITERAL_CONVERSION = YES;
				CLANG_WARN_OBJC_ROOT_CLASS = YES_ERROR;
				CLANG_WARN_QUOTED_INCLUDE_IN_FRAMEWORK_HEADER = YES;
				CLANG_WARN_RANGE_LOOP_ANALYSIS = YES;
				CLANG_WARN_STRICT_PROTOTYPES = YES;
				CLANG_WARN_SUSPICIOUS_MOVE = YES;
				CLANG_WARN_UNGUARDED_AVAILABILITY = YES_AGGRESSIVE;
				CLANG_WARN_UNREACHABLE_CODE = YES;
				CLANG_WARN__DUPLICATE_METHOD_MATCH = YES;
				COPY_PHASE_STRIP = NO;
				DEBUG_INFORMATION_FORMAT = dwarf;
				ENABLE_STRICT_OBJC_MSGSEND = YES;
				ENABLE_TESTABILITY = YES;
				ENABLE_USER_SCRIPT_SANDBOXING = YES;
				GCC_C_LANGUAGE_STANDARD = gnu17;
				GCC_DYNAMIC_NO_PIC = NO;
				GCC_NO_COMMON_BLOCKS = YES;
				GCC_OPTIMIZATION_LEVEL = 0;
				GCC_PREPROCESSOR_DEFINITIONS = (
					"DEBUG=1",
					"$(inherited)",
				);
				GCC_WARN_64_TO_32_BIT_CONVERSION = YES;
				GCC_WARN_ABOUT_RETURN_TYPE = YES_ERROR;
				GCC_WARN_UNDECLARED_SELECTOR = YES;
				GCC_WARN_UNINITIALIZED_AUTOS = YES_AGGRESSIVE;
				GCC_WARN_UNUSED_FUNCTION = YES;
				GCC_WARN_UNUSED_VARIABLE = YES;
				IPHONEOS_DEPLOYMENT_TARGET = 17.0;
				LOCALIZATION_PREFERS_STRING_CATALOGS = YES;
				MTL_ENABLE_DEBUG_INFO = INCLUDE_SOURCE;
				MTL_FAST_MATH = YES;
				ONLY_ACTIVE_ARCH = YES;
				SDKROOT = iphoneos;
				SWIFT_ACTIVE_COMPILATION_CONDITIONS = "DEBUG $(inherited)";
				SWIFT_OPTIMIZATION_LEVEL = "-Onone";
			};
			name = Debug;
		};
		8DF22D702B0008400048DFBA /* Release */ = {
			isa = XCBuildConfiguration;
			buildSettings = {
				ALWAYS_SEARCH_USER_PATHS = NO;
				ASSETCATALOG_COMPILER_GENERATE_SWIFT_ASSET_SYMBOL_EXTENSIONS = YES;
				CLANG_ANALYZER_NONNULL = YES;
				CLANG_ANALYZER_NUMBER_OBJECT_CONVERSION = YES_AGGRESSIVE;
				CLANG_CXX_LANGUAGE_STANDARD = "gnu++20";
				CLANG_ENABLE_MODULES = YES;
				CLANG_ENABLE_OBJC_ARC = YES;
				CLANG_ENABLE_OBJC_WEAK = YES;
				CLANG_WARN_BLOCK_CAPTURE_AUTORELEASING = YES;
				CLANG_WARN_BOOL_CONVERSION = YES;
				CLANG_WARN_COMMA = YES;
				CLANG_WARN_CONSTANT_CONVERSION = YES;
				CLANG_WARN_DEPRECATED_OBJC_IMPLEMENTATIONS = YES;
				CLANG_WARN_DIRECT_OBJC_ISA_USAGE = YES_ERROR;
				CLANG_WARN_DOCUMENTATION_COMMENTS = YES;
				CLANG_WARN_EMPTY_BODY = YES;
				CLANG_WARN_ENUM_CONVERSION = YES;
				CLANG_WARN_INFINITE_RECURSION = YES;
				CLANG_WARN_INT_CONVERSION = YES;
				CLANG_WARN_NON_LITERAL_NULL_CONVERSION = YES;
				CLANG_WARN_OBJC_IMPLICIT_RETAIN_SELF = YES;
				CLANG_WARN_OBJC_LITERAL_CONVERSION = YES;
				CLANG_WARN_OBJC_ROOT_CLASS = YES_ERROR;
				CLANG_WARN_QUOTED_INCLUDE_IN_FRAMEWORK_HEADER = YES;
				CLANG_WARN_RANGE_LOOP_ANALYSIS = YES;
				CLANG_WARN_STRICT_PROTOTYPES = YES;
				CLANG_WARN_SUSPICIOUS_MOVE = YES;
				CLANG_WARN_UNGUARDED_AVAILABILITY = YES_AGGRESSIVE;
				CLANG_WARN_UNREACHABLE_CODE = YES;
				CLANG_WARN__DUPLICATE_METHOD_MATCH = YES;
				COPY_PHASE_STRIP = NO;
				DEBUG_INFORMATION_FORMAT = "dwarf-with-dsym";
				ENABLE_NS_ASSERTIONS = NO;
				ENABLE_STRICT_OBJC_MSGSEND = YES;
				ENABLE_USER_SCRIPT_SANDBOXING = YES;
				GCC_C_LANGUAGE_STANDARD = gnu17;
				GCC_NO_COMMON_BLOCKS = YES;
				GCC_WARN_64_TO_32_BIT_CONVERSION = YES;
				GCC_WARN_ABOUT_RETURN_TYPE = YES_ERROR;
				GCC_WARN_UNDECLARED_SELECTOR = YES;
				GCC_WARN_UNINITIALIZED_AUTOS = YES_AGGRESSIVE;
				GCC_WARN_UNUSED_FUNCTION = YES;
				GCC_WARN_UNUSED_VARIABLE = YES;
				IPHONEOS_DEPLOYMENT_TARGET = 17.0;
				LOCALIZATION_PREFERS_STRING_CATALOGS = YES;
				MTL_ENABLE_DEBUG_INFO = NO;
				MTL_FAST_MATH = YES;
				SDKROOT = iphoneos;
				SWIFT_COMPILATION_MODE = wholemodule;
				VALIDATE_PRODUCT = YES;
			};
			name = Release;
		};
		8DF22D722B0008400048DFBA /* Debug */ = {
			isa = XCBuildConfiguration;
			buildSettings = {
				ASSETCATALOG_COMPILER_APPICON_NAME = AppIcon;
				ASSETCATALOG_COMPILER_GLOBAL_ACCENT_COLOR_NAME = AccentColor;
				CODE_SIGN_STYLE = Automatic;
				CURRENT_PROJECT_VERSION = 1;
				GENERATE_INFOPLIST_FILE = YES;
				INFOPLIST_FILE = aiqfome/Info.plist;
				INFOPLIST_KEY_UIApplicationSupportsIndirectInputEvents = YES;
				INFOPLIST_KEY_UILaunchStoryboardName = LaunchScreen;
				INFOPLIST_KEY_UISupportedInterfaceOrientations_iPad = "UIInterfaceOrientationPortrait UIInterfaceOrientationPortraitUpsideDown UIInterfaceOrientationLandscapeLeft UIInterfaceOrientationLandscapeRight";
				INFOPLIST_KEY_UISupportedInterfaceOrientations_iPhone = "UIInterfaceOrientationPortrait UIInterfaceOrientationLandscapeLeft UIInterfaceOrientationLandscapeRight";
				LD_RUNPATH_SEARCH_PATHS = (
					"$(inherited)",
					"@executable_path/Frameworks",
				);
				MARKETING_VERSION = 1.0;
				PRODUCT_BUNDLE_IDENTIFIER = fre.aiqfome;
				PRODUCT_NAME = "$(TARGET_NAME)";
				SWIFT_EMIT_LOC_STRINGS = YES;
				SWIFT_VERSION = 5.0;
				TARGETED_DEVICE_FAMILY = "1,2";
			};
			name = Debug;
		};
		8DF22D732B0008400048DFBA /* Release */ = {
			isa = XCBuildConfiguration;
			buildSettings = {
				ASSETCATALOG_COMPILER_APPICON_NAME = AppIcon;
				ASSETCATALOG_COMPILER_GLOBAL_ACCENT_COLOR_NAME = AccentColor;
				CODE_SIGN_STYLE = Automatic;
				CURRENT_PROJECT_VERSION = 1;
				GENERATE_INFOPLIST_FILE = YES;
				INFOPLIST_FILE = aiqfome/Info.plist;
				INFOPLIST_KEY_UIApplicationSupportsIndirectInputEvents = YES;
				INFOPLIST_KEY_UILaunchStoryboardName = LaunchScreen;
				INFOPLIST_KEY_UISupportedInterfaceOrientations_iPad = "UIInterfaceOrientationPortrait UIInterfaceOrientationPortraitUpsideDown UIInterfaceOrientationLandscapeLeft UIInterfaceOrientationLandscapeRight";
				INFOPLIST_KEY_UISupportedInterfaceOrientations_iPhone = "UIInterfaceOrientationPortrait UIInterfaceOrientationLandscapeLeft UIInterfaceOrientationLandscapeRight";
				LD_RUNPATH_SEARCH_PATHS = (
					"$(inherited)",
					"@executable_path/Frameworks",
				);
				MARKETING_VERSION = 1.0;
				PRODUCT_BUNDLE_IDENTIFIER = fre.aiqfome;
				PRODUCT_NAME = "$(TARGET_NAME)";
				SWIFT_EMIT_LOC_STRINGS = YES;
				SWIFT_VERSION = 5.0;
				TARGETED_DEVICE_FAMILY = "1,2";
			};
			name = Release;
		};
/* End XCBuildConfiguration section */

/* Begin XCConfigurationList section */
		8DF22D582B00083E0048DFBA /* Build configuration list for PBXProject "aiqfome" */ = {
			isa = XCConfigurationList;
			buildConfigurations = (
				8DF22D6F2B0008400048DFBA /* Debug */,
				8DF22D702B0008400048DFBA /* Release */,
			);
			defaultConfigurationIsVisible = 0;
			defaultConfigurationName = Release;
		};
		8DF22D712B0008400048DFBA /* Build configuration list for PBXNativeTarget "aiqfome" */ = {
			isa = XCConfigurationList;
			buildConfigurations = (
				8DF22D722B0008400048DFBA /* Debug */,
				8DF22D732B0008400048DFBA /* Release */,
			);
			defaultConfigurationIsVisible = 0;
			defaultConfigurationName = Release;
		};
/* End XCConfigurationList section */
	};
	rootObject = 8DF22D552B00083E0048DFBA /* Project object */;
}
